Microsoft Visual Studio Solution File, Format Version 12.00
# Visual Studio Version 17
VisualStudioVersion = 17.5.2.0
MinimumVisualStudioVersion = 10.0.40219.1
Project("{FAE04EC0-301F-11D3-BF4B-00C04F79EFBC}") = "EduWebsite", "EduWebsite.csproj", "{405B952C-A92A-05F0-9E4B-A638A06D0AE5}"
EndProject
Global
	GlobalSection(SolutionConfigurationPlatforms) = preSolution
		Debug|Any CPU = Debug|Any CPU
		Release|Any CPU = Release|Any CPU
	EndGlobalSection
	GlobalSection(ProjectConfigurationPlatforms) = postSolution
		{405B952C-A92A-05F0-9E4B-A638A06D0AE5}.Debug|Any CPU.ActiveCfg = Debug|Any CPU
		{405B952C-A92A-05F0-9E4B-A638A06D0AE5}.Debug|Any CPU.Build.0 = Debug|Any CPU
		{405B952C-A92A-05F0-9E4B-A638A06D0AE5}.Release|Any CPU.ActiveCfg = Release|Any CPU
		{405B952C-A92A-05F0-9E4B-A638A06D0AE5}.Release|Any CPU.Build.0 = Release|Any CPU
	EndGlobalSection
	GlobalSection(SolutionProperties) = preSolution
		HideSolutionNode = FALSE
	EndGlobalSection
	GlobalSection(ExtensibilityGlobals) = postSolution
		SolutionGuid = {4C64A241-F3B1-4960-9521-BBD8DB772D83}
	EndGlobalSection
EndGlobal
